
Microsoft Visual Studio Solution File, Format Version 12.00
Project("{FAE04EC0-301F-11D3-BF4B-00C04F79EFBC}") = "EpicMo.Plugins.MathSolver", "EpicMo.Plugins.MathSolver\EpicMo.Plugins.MathSolver.csproj", "{9411BC3C-C333-45B0-A0CB-E8A68AC8B594}"
EndProject
Global
	GlobalSection(SolutionConfigurationPlatforms) = preSolution
		Debug|Any CPU = Debug|Any CPU
		Release|Any CPU = Release|Any CPU
	EndGlobalSection
	GlobalSection(ProjectConfigurationPlatforms) = postSolution
		{9411BC3C-C333-45B0-A0CB-E8A68AC8B594}.Debug|Any CPU.ActiveCfg = Debug|Any CPU
		{9411BC3C-C333-45B0-A0CB-E8A68AC8B594}.Debug|Any CPU.Build.0 = Debug|Any CPU
		{9411BC3C-C333-45B0-A0CB-E8A68AC8B594}.Release|Any CPU.ActiveCfg = Release|Any CPU
		{9411BC3C-C333-45B0-A0CB-E8A68AC8B594}.Release|Any CPU.Build.0 = Release|Any CPU
	EndGlobalSection
EndGlobal
